
Microsoft Visual Studio Solution File, Format Version 12.00
# Visual Studio Version 17
VisualStudioVersion = 17.9.34728.123
MinimumVisualStudioVersion = 10.0.40219.1
Project("{9A19103F-16F7-4668-BE54-9A1E7A4F7556}") = "DeadlockAPI", "DeadlockAPI\DeadlockAPI.csproj", "{97C86B61-AA76-4B67-8C20-E3A9EEB6D273}"
EndProject
Project("{2150E333-8FDC-42A3-9474-1A3956D46DE8}") = "Examples", "Examples", "{67E88331-82F1-4B3B-A58E-55B61DEA3FF7}"
EndProject
Project("{FAE04EC0-301F-11D3-BF4B-00C04F79EFBC}") = "Builds", "Examples\Builds\Builds.csproj", "{2B29B6E4-61B0-4916-9C8E-7E330F35DF46}"
EndProject
Global
	GlobalSection(SolutionConfigurationPlatforms) = preSolution
		Debug|Any CPU = Debug|Any CPU
		Release|Any CPU = Release|Any CPU
	EndGlobalSection
	GlobalSection(ProjectConfigurationPlatforms) = postSolution
		{97C86B61-AA76-4B67-8C20-E3A9EEB6D273}.Debug|Any CPU.ActiveCfg = Debug|Any CPU
		{97C86B61-AA76-4B67-8C20-E3A9EEB6D273}.Debug|Any CPU.Build.0 = Debug|Any CPU
		{97C86B61-AA76-4B67-8C20-E3A9EEB6D273}.Release|Any CPU.ActiveCfg = Release|Any CPU
		{97C86B61-AA76-4B67-8C20-E3A9EEB6D273}.Release|Any CPU.Build.0 = Release|Any CPU
		{2B29B6E4-61B0-4916-9C8E-7E330F35DF46}.Debug|Any CPU.ActiveCfg = Debug|Any CPU
		{2B29B6E4-61B0-4916-9C8E-7E330F35DF46}.Debug|Any CPU.Build.0 = Debug|Any CPU
		{2B29B6E4-61B0-4916-9C8E-7E330F35DF46}.Release|Any CPU.ActiveCfg = Release|Any CPU
		{2B29B6E4-61B0-4916-9C8E-7E330F35DF46}.Release|Any CPU.Build.0 = Release|Any CPU
	EndGlobalSection
	GlobalSection(SolutionProperties) = preSolution
		HideSolutionNode = FALSE
	EndGlobalSection
	GlobalSection(NestedProjects) = preSolution
		{2B29B6E4-61B0-4916-9C8E-7E330F35DF46} = {67E88331-82F1-4B3B-A58E-55B61DEA3FF7}
	EndGlobalSection
	GlobalSection(ExtensibilityGlobals) = postSolution
		SolutionGuid = {89B2F0AC-E9BF-4500-91AB-F6AE98790B16}
	EndGlobalSection
EndGlobal
